
Microsoft Visual Studio Solution File, Format Version 12.00
# Visual Studio Version 16
VisualStudioVersion = 16.0.30330.147
MinimumVisualStudioVersion = 10.0.40219.1
Project("{FAE04EC0-301F-11D3-BF4B-00C04F79EFBC}") = "PODMHDM", "PODMHDM\PODMHDM.csproj", "{722E3E7C-EFA1-44ED-A0FD-67C703582F18}"
EndProject
Global
	GlobalSection(SolutionConfigurationPlatforms) = preSolution
		Debug|Any CPU = Debug|Any CPU
		Release|Any CPU = Release|Any CPU
	EndGlobalSection
	GlobalSection(ProjectConfigurationPlatforms) = postSolution
		{722E3E7C-EFA1-44ED-A0FD-67C703582F18}.Debug|Any CPU.ActiveCfg = Debug|Any CPU
		{722E3E7C-EFA1-44ED-A0FD-67C703582F18}.Debug|Any CPU.Build.0 = Debug|Any CPU
		{722E3E7C-EFA1-44ED-A0FD-67C703582F18}.Release|Any CPU.ActiveCfg = Release|Any CPU
		{722E3E7C-EFA1-44ED-A0FD-67C703582F18}.Release|Any CPU.Build.0 = Release|Any CPU
	EndGlobalSection
	GlobalSection(SolutionProperties) = preSolution
		HideSolutionNode = FALSE
	EndGlobalSection
	GlobalSection(ExtensibilityGlobals) = postSolution
		SolutionGuid = {7BD3736A-262A-4DEB-80BA-EDBDDE844476}
	EndGlobalSection
EndGlobal
