
Microsoft Visual Studio Solution File, Format Version 12.00
# Visual Studio Version 16
VisualStudioVersion = 16.0.30330.147
MinimumVisualStudioVersion = 10.0.40219.1
Project("{FAE04EC0-301F-11D3-BF4B-00C04F79EFBC}") = "ARCTHD1", "ARCTHD1\ARCTHD1.csproj", "{0941C645-F3B2-44A2-8BA8-7696798B2AE8}"
EndProject
Global
	GlobalSection(SolutionConfigurationPlatforms) = preSolution
		Debug|Any CPU = Debug|Any CPU
		Release|Any CPU = Release|Any CPU
	EndGlobalSection
	GlobalSection(ProjectConfigurationPlatforms) = postSolution
		{0941C645-F3B2-44A2-8BA8-7696798B2AE8}.Debug|Any CPU.ActiveCfg = Debug|Any CPU
		{0941C645-F3B2-44A2-8BA8-7696798B2AE8}.Debug|Any CPU.Build.0 = Debug|Any CPU
		{0941C645-F3B2-44A2-8BA8-7696798B2AE8}.Release|Any CPU.ActiveCfg = Release|Any CPU
		{0941C645-F3B2-44A2-8BA8-7696798B2AE8}.Release|Any CPU.Build.0 = Release|Any CPU
	EndGlobalSection
	GlobalSection(SolutionProperties) = preSolution
		HideSolutionNode = FALSE
	EndGlobalSection
	GlobalSection(ExtensibilityGlobals) = postSolution
		SolutionGuid = {A8615FA1-C580-4CA4-9A31-768F2E0F354C}
	EndGlobalSection
EndGlobal
