
Microsoft Visual Studio Solution File, Format Version 12.00
# Visual Studio Version 16
VisualStudioVersion = 16.0.30330.147
MinimumVisualStudioVersion = 10.0.40219.1
Project("{FAE04EC0-301F-11D3-BF4B-00C04F79EFBC}") = "INSD3", "INSD3\INSD3.csproj", "{1C294624-C19C-4000-9576-17C7BF38C4FC}"
EndProject
Global
	GlobalSection(SolutionConfigurationPlatforms) = preSolution
		Debug|Any CPU = Debug|Any CPU
		Release|Any CPU = Release|Any CPU
	EndGlobalSection
	GlobalSection(ProjectConfigurationPlatforms) = postSolution
		{1C294624-C19C-4000-9576-17C7BF38C4FC}.Debug|Any CPU.ActiveCfg = Debug|Any CPU
		{1C294624-C19C-4000-9576-17C7BF38C4FC}.Debug|Any CPU.Build.0 = Debug|Any CPU
		{1C294624-C19C-4000-9576-17C7BF38C4FC}.Release|Any CPU.ActiveCfg = Release|Any CPU
		{1C294624-C19C-4000-9576-17C7BF38C4FC}.Release|Any CPU.Build.0 = Release|Any CPU
	EndGlobalSection
	GlobalSection(SolutionProperties) = preSolution
		HideSolutionNode = FALSE
	EndGlobalSection
	GlobalSection(ExtensibilityGlobals) = postSolution
		SolutionGuid = {B63BD9C5-E9A1-4A33-B1F6-93C9B7D97F99}
	EndGlobalSection
EndGlobal
