
Microsoft Visual Studio Solution File, Format Version 12.00
# Visual Studio Version 16
VisualStudioVersion = 16.0.29920.165
MinimumVisualStudioVersion = 10.0.40219.1
Project("{FAE04EC0-301F-11D3-BF4B-00C04F79EFBC}") = "Socthda", "Socthda\Socthda.csproj", "{FE70FFB1-4847-48A9-ACDE-E5F909CE338B}"
EndProject
Global
	GlobalSection(SolutionConfigurationPlatforms) = preSolution
		Debug|Any CPU = Debug|Any CPU
		Release|Any CPU = Release|Any CPU
	EndGlobalSection
	GlobalSection(ProjectConfigurationPlatforms) = postSolution
		{FE70FFB1-4847-48A9-ACDE-E5F909CE338B}.Debug|Any CPU.ActiveCfg = Debug|Any CPU
		{FE70FFB1-4847-48A9-ACDE-E5F909CE338B}.Debug|Any CPU.Build.0 = Debug|Any CPU
		{FE70FFB1-4847-48A9-ACDE-E5F909CE338B}.Release|Any CPU.ActiveCfg = Release|Any CPU
		{FE70FFB1-4847-48A9-ACDE-E5F909CE338B}.Release|Any CPU.Build.0 = Release|Any CPU
	EndGlobalSection
	GlobalSection(SolutionProperties) = preSolution
		HideSolutionNode = FALSE
	EndGlobalSection
	GlobalSection(ExtensibilityGlobals) = postSolution
		SolutionGuid = {01805066-8D14-4B6F-B7C5-A52720135B44}
	EndGlobalSection
EndGlobal
