
Microsoft Visual Studio Solution File, Format Version 12.00
# Visual Studio Version 16
VisualStudioVersion = 16.0.30330.147
MinimumVisualStudioVersion = 10.0.40219.1
Project("{FAE04EC0-301F-11D3-BF4B-00C04F79EFBC}") = "COSXKSX.KSXW", "COSXKSX.KSXW\COSXKSX.KSXW.csproj", "{6B474E5D-4D97-40F3-81A4-558341A0DC72}"
EndProject
Global
	GlobalSection(SolutionConfigurationPlatforms) = preSolution
		Debug|Any CPU = Debug|Any CPU
		Release|Any CPU = Release|Any CPU
	EndGlobalSection
	GlobalSection(ProjectConfigurationPlatforms) = postSolution
		{6B474E5D-4D97-40F3-81A4-558341A0DC72}.Debug|Any CPU.ActiveCfg = Debug|Any CPU
		{6B474E5D-4D97-40F3-81A4-558341A0DC72}.Debug|Any CPU.Build.0 = Debug|Any CPU
		{6B474E5D-4D97-40F3-81A4-558341A0DC72}.Release|Any CPU.ActiveCfg = Release|Any CPU
		{6B474E5D-4D97-40F3-81A4-558341A0DC72}.Release|Any CPU.Build.0 = Release|Any CPU
	EndGlobalSection
	GlobalSection(SolutionProperties) = preSolution
		HideSolutionNode = FALSE
	EndGlobalSection
	GlobalSection(ExtensibilityGlobals) = postSolution
		SolutionGuid = {725DD1A4-1133-4FF2-83F8-4F556E3292B5}
	EndGlobalSection
EndGlobal
